lockfileVersion: 5.4

importers:

  .:
    specifiers:
      prettier: ^2.8.0
      prettier-plugin-svelte: ^2.9.0
      svelte: ^3.55.1
      typescript: ^4.9.4
    devDependencies:
      prettier: 2.8.4
      prettier-plugin-svelte: 2.9.0_jrsxveqmsx2uadbqiuq74wlc4u
      svelte: 3.55.1
      typescript: 4.9.5

packages:

  /prettier-plugin-svelte/2.9.0_jrsxveqmsx2uadbqiuq74wlc4u:
    resolution: {integrity: sha512-3doBi5NO4IVgaNPtwewvrgPpqAcvNv0NwJNflr76PIGgi9nf1oguQV1Hpdm9TI2ALIQVn/9iIwLpBO5UcD2Jiw==}
    peerDependencies:
      prettier: ^1.16.4 || ^2.0.0
      svelte: ^3.2.0
    dependencies:
      prettier: 2.8.4
      svelte: 3.55.1
    dev: true

  /prettier/2.8.4:
    resolution: {integrity: sha512-vIS4Rlc2FNh0BySk3Wkd6xmwxB0FpOndW5fisM5H8hsZSxU2VWVB5CWIkIjWvrHjIhxk2g3bfMKM87zNTrZddw==}
    engines: {node: '>=10.13.0'}
    hasBin: true
    dev: true

  /svelte/3.55.1:
    resolution: {integrity: sha512-S+87/P0Ve67HxKkEV23iCdAh/SX1xiSfjF1HOglno/YTbSTW7RniICMCofWGdJJbdjw3S+0PfFb1JtGfTXE0oQ==}
    engines: {node: '>= 8'}
    dev: true

  /typescript/4.9.5:
    resolution: {integrity: sha512-1FXk9E2Hm+QzZQ7z+McJiHL4NW1F2EzMu9Nq9i3zAaGqibafqYwCVU6WyWAuyQRRzOlxou8xZSyXLEN8oKj24g==}
    engines: {node: '>=4.2.0'}
    hasBin: true
    dev: true
